// !$*UTF8*$!
{
	archiveVersion = 1;
	classes = {
	};
	objectVersion = 45;
	objects = {

/* Begin PBXBuildFile section */
		8DD76F6A0486A84900D96B5E /* tuxsim.1 in CopyFiles */ = {isa = PBXBuildFile; fileRef = C6859E8B029090EE04C91782 /* tuxsim.1 */; };
		ED0035BC1164509500E19F3F /* GArgs.cpp in Sources */ = {isa = PBXBuildFile; fileRef = ED0035AD1164509500E19F3F /* GArgs.cpp */; };
		ED0035BD1164509500E19F3F /* GBase.cpp in Sources */ = {isa = PBXBuildFile; fileRef = ED0035AF1164509500E19F3F /* GBase.cpp */; };
		ED0035BE1164509500E19F3F /* gdna.cpp in Sources */ = {isa = PBXBuildFile; fileRef = ED0035B11164509500E19F3F /* gdna.cpp */; };
		ED0035BF1164509500E19F3F /* GFaSeqGet.cpp in Sources */ = {isa = PBXBuildFile; fileRef = ED0035B31164509500E19F3F /* GFaSeqGet.cpp */; };
		ED0035C01164509500E19F3F /* gff.cpp in Sources */ = {isa = PBXBuildFile; fileRef = ED0035B61164509500E19F3F /* gff.cpp */; };
		ED0035C11164509500E19F3F /* GStr.cpp in Sources */ = {isa = PBXBuildFile; fileRef = ED0035B81164509500E19F3F /* GStr.cpp */; };
		ED0035C21164509500E19F3F /* gtf_tracking.cpp in Sources */ = {isa = PBXBuildFile; fileRef = ED0035BA1164509500E19F3F /* gtf_tracking.cpp */; };
		ED00383B116457BD00E19F3F /* codons.cpp in Sources */ = {isa = PBXBuildFile; fileRef = ED003839116457BD00E19F3F /* codons.cpp */; };
		ED003840116457DA00E19F3F /* common.cpp in Sources */ = {isa = PBXBuildFile; fileRef = ED00383F116457DA00E19F3F /* common.cpp */; };
		ED00385B1164627900E19F3F /* hits.cpp in Sources */ = {isa = PBXBuildFile; fileRef = ED0038591164627900E19F3F /* hits.cpp */; };
		ED0038631164630200E19F3F /* scaffolds.cpp in Sources */ = {isa = PBXBuildFile; fileRef = ED0038611164630200E19F3F /* scaffolds.cpp */; };
		ED3445191183C3E700D68A78 /* libboost_program_options-xgcc40-mt-1_41.a in Frameworks */ = {isa = PBXBuildFile; fileRef = ED3445181183C3E700D68A78 /* libboost_program_options-xgcc40-mt-1_41.a */; };
		ED50796E1173A70500883983 /* abundances.cpp in Sources */ = {isa = PBXBuildFile; fileRef = ED50796D1173A70500883983 /* abundances.cpp */; };
		ED5079751173A7BA00883983 /* fragments.cpp in Sources */ = {isa = PBXBuildFile; fileRef = ED5079741173A7BA00883983 /* fragments.cpp */; };
		ED5079841173A8EF00883983 /* sequencing.cpp in Sources */ = {isa = PBXBuildFile; fileRef = ED5079831173A8EF00883983 /* sequencing.cpp */; };
		ED6D62AE118B7BD900A682F4 /* GArgs.cpp in Sources */ = {isa = PBXBuildFile; fileRef = ED0035AD1164509500E19F3F /* GArgs.cpp */; };
		ED6D62AF118B7BD900A682F4 /* GBase.cpp in Sources */ = {isa = PBXBuildFile; fileRef = ED0035AF1164509500E19F3F /* GBase.cpp */; };
		ED6D62B0118B7BD900A682F4 /* gdna.cpp in Sources */ = {isa = PBXBuildFile; fileRef = ED0035B11164509500E19F3F /* gdna.cpp */; };
		ED6D62B1118B7BD900A682F4 /* GFaSeqGet.cpp in Sources */ = {isa = PBXBuildFile; fileRef = ED0035B31164509500E19F3F /* GFaSeqGet.cpp */; };
		ED6D62B2118B7BD900A682F4 /* gff.cpp in Sources */ = {isa = PBXBuildFile; fileRef = ED0035B61164509500E19F3F /* gff.cpp */; };
		ED6D62B3118B7BD900A682F4 /* GStr.cpp in Sources */ = {isa = PBXBuildFile; fileRef = ED0035B81164509500E19F3F /* GStr.cpp */; };
		ED6D62B4118B7BD900A682F4 /* gtf_tracking.cpp in Sources */ = {isa = PBXBuildFile; fileRef = ED0035BA1164509500E19F3F /* gtf_tracking.cpp */; };
		ED6D62B5118B7BD900A682F4 /* codons.cpp in Sources */ = {isa = PBXBuildFile; fileRef = ED003839116457BD00E19F3F /* codons.cpp */; };
		ED6D62B6118B7BD900A682F4 /* common.cpp in Sources */ = {isa = PBXBuildFile; fileRef = ED00383F116457DA00E19F3F /* common.cpp */; };
		ED6D62B7118B7BD900A682F4 /* hits.cpp in Sources */ = {isa = PBXBuildFile; fileRef = ED0038591164627900E19F3F /* hits.cpp */; };
		ED6D62B8118B7BD900A682F4 /* scaffolds.cpp in Sources */ = {isa = PBXBuildFile; fileRef = ED0038611164630200E19F3F /* scaffolds.cpp */; };
		ED6D62B9118B7BD900A682F4 /* abundances.cpp in Sources */ = {isa = PBXBuildFile; fileRef = ED50796D1173A70500883983 /* abundances.cpp */; };
		ED6D62BA118B7BD900A682F4 /* fragments.cpp in Sources */ = {isa = PBXBuildFile; fileRef = ED5079741173A7BA00883983 /* fragments.cpp */; };
		ED6D62BB118B7BD900A682F4 /* sequencing.cpp in Sources */ = {isa = PBXBuildFile; fileRef = ED5079831173A8EF00883983 /* sequencing.cpp */; };
		ED6D62BF118B7BD900A682F4 /* libboost_program_options-xgcc40-mt-1_41.a in Frameworks */ = {isa = PBXBuildFile; fileRef = ED3445181183C3E700D68A78 /* libboost_program_options-xgcc40-mt-1_41.a */; };
		ED6D62C1118B7BD900A682F4 /* tuxsim.1 in CopyFiles */ = {isa = PBXBuildFile; fileRef = C6859E8B029090EE04C91782 /* tuxsim.1 */; };
		ED6D6632118C8D7400A682F4 /* libcppunit.a in Frameworks */ = {isa = PBXBuildFile; fileRef = ED6D6631118C8D7400A682F4 /* libcppunit.a */; };
		ED6D6635118C8DD000A682F4 /* TestMain.cpp in Sources */ = {isa = PBXBuildFile; fileRef = ED6D6634118C8DD000A682F4 /* TestMain.cpp */; };
		ED6D6638118C8DF700A682F4 /* TestHits.cpp in Sources */ = {isa = PBXBuildFile; fileRef = ED6D6637118C8DF700A682F4 /* TestHits.cpp */; };
		ED6D667A118CA39000A682F4 /* hits.cpp in Sources */ = {isa = PBXBuildFile; fileRef = ED0038591164627900E19F3F /* hits.cpp */; };
		ED6D6A59118F250500A682F4 /* samcompare.cpp in Sources */ = {isa = PBXBuildFile; fileRef = ED6D6A58118F250500A682F4 /* samcompare.cpp */; };
		EDADF8FB118493100018CFB9 /* tuxsim.cpp in Sources */ = {isa = PBXBuildFile; fileRef = EDADF8FA118493100018CFB9 /* tuxsim.cpp */; };
		EDCCF4DF117624E5000D83D5 /* options.cpp in Sources */ = {isa = PBXBuildFile; fileRef = EDCCF4DE117624E5000D83D5 /* options.cpp */; };
/* End PBXBuildFile section */

/* Begin PBXCopyFilesBuildPhase section */
		8DD76F690486A84900D96B5E /* CopyFiles */ = {
			isa = PBXCopyFilesBuildPhase;
			buildActionMask = 8;
			dstPath = /usr/share/man/man1/;
			dstSubfolderSpec = 0;
			files = (
				8DD76F6A0486A84900D96B5E /* tuxsim.1 in CopyFiles */,
			);
			runOnlyForDeploymentPostprocessing = 1;
		};
		ED6D62C0118B7BD900A682F4 /* CopyFiles */ = {
			isa = PBXCopyFilesBuildPhase;
			buildActionMask = 8;
			dstPath = /usr/share/man/man1/;
			dstSubfolderSpec = 0;
			files = (
				ED6D62C1118B7BD900A682F4 /* tuxsim.1 in CopyFiles */,
			);
			runOnlyForDeploymentPostprocessing = 1;
		};
/* End PBXCopyFilesBuildPhase section */

/* Begin PBXFileReference section */
		8DD76F6C0486A84900D96B5E /* tuxsim */ = {isa = PBXFileReference; explicitFileType = "compiled.mach-o.executable"; includeInIndex = 0; path = tuxsim; sourceTree = BUILT_PRODUCTS_DIR; };
		C6859E8B029090EE04C91782 /* tuxsim.1 */ = {isa = PBXFileReference; lastKnownFileType = text.man; path = tuxsim.1; sourceTree = "<group>"; };
		ED0035AD1164509500E19F3F /* GArgs.cpp */ = {isa = PBXFileReference; fileEncoding = 4; lastKnownFileType = sourcecode.cpp.cpp; name = GArgs.cpp; path = src/GArgs.cpp; sourceTree = "<group>"; };
		ED0035AE1164509500E19F3F /* GArgs.h */ = {isa = PBXFileReference; fileEncoding = 4; lastKnownFileType = sourcecode.c.h; name = GArgs.h; path = src/GArgs.h; sourceTree = "<group>"; };
		ED0035AF1164509500E19F3F /* GBase.cpp */ = {isa = PBXFileReference; fileEncoding = 4; lastKnownFileType = sourcecode.cpp.cpp; name = GBase.cpp; path = src/GBase.cpp; sourceTree = "<group>"; };
		ED0035B01164509500E19F3F /* GBase.h */ = {isa = PBXFileReference; fileEncoding = 4; lastKnownFileType = sourcecode.c.h; name = GBase.h; path = src/GBase.h; sourceTree = "<group>"; };
		ED0035B11164509500E19F3F /* gdna.cpp */ = {isa = PBXFileReference; fileEncoding = 4; lastKnownFileType = sourcecode.cpp.cpp; name = gdna.cpp; path = src/gdna.cpp; sourceTree = "<group>"; };
		ED0035B21164509500E19F3F /* gdna.h */ = {isa = PBXFileReference; fileEncoding = 4; lastKnownFileType = sourcecode.c.h; name = gdna.h; path = src/gdna.h; sourceTree = "<group>"; };
		ED0035B31164509500E19F3F /* GFaSeqGet.cpp */ = {isa = PBXFileReference; fileEncoding = 4; lastKnownFileType = sourcecode.cpp.cpp; name = GFaSeqGet.cpp; path = src/GFaSeqGet.cpp; sourceTree = "<group>"; };
		ED0035B41164509500E19F3F /* GFaSeqGet.h */ = {isa = PBXFileReference; fileEncoding = 4; lastKnownFileType = sourcecode.c.h; name = GFaSeqGet.h; path = src/GFaSeqGet.h; sourceTree = "<group>"; };
		ED0035B51164509500E19F3F /* GFastaFile.h */ = {isa = PBXFileReference; fileEncoding = 4; lastKnownFileType = sourcecode.c.h; name = GFastaFile.h; path = src/GFastaFile.h; sourceTree = "<group>"; };
		ED0035B61164509500E19F3F /* gff.cpp */ = {isa = PBXFileReference; fileEncoding = 4; lastKnownFileType = sourcecode.cpp.cpp; name = gff.cpp; path = src/gff.cpp; sourceTree = "<group>"; };
		ED0035B71164509500E19F3F /* gff.h */ = {isa = PBXFileReference; fileEncoding = 4; lastKnownFileType = sourcecode.c.h; name = gff.h; path = src/gff.h; sourceTree = "<group>"; };
		ED0035B81164509500E19F3F /* GStr.cpp */ = {isa = PBXFileReference; fileEncoding = 4; lastKnownFileType = sourcecode.cpp.cpp; name = GStr.cpp; path = src/GStr.cpp; sourceTree = "<group>"; };
		ED0035B91164509500E19F3F /* GStr.h */ = {isa = PBXFileReference; fileEncoding = 4; lastKnownFileType = sourcecode.c.h; name = GStr.h; path = src/GStr.h; sourceTree = "<group>"; };
		ED0035BA1164509500E19F3F /* gtf_tracking.cpp */ = {isa = PBXFileReference; fileEncoding = 4; lastKnownFileType = sourcecode.cpp.cpp; name = gtf_tracking.cpp; path = src/gtf_tracking.cpp; sourceTree = "<group>"; };
		ED0035BB1164509500E19F3F /* gtf_tracking.h */ = {isa = PBXFileReference; fileEncoding = 4; lastKnownFileType = sourcecode.c.h; name = gtf_tracking.h; path = src/gtf_tracking.h; sourceTree = "<group>"; };
		ED0038351164579F00E19F3F /* GHash.hh */ = {isa = PBXFileReference; fileEncoding = 4; lastKnownFileType = sourcecode.cpp.h; name = GHash.hh; path = src/GHash.hh; sourceTree = "<group>"; };
		ED0038361164579F00E19F3F /* GList.hh */ = {isa = PBXFileReference; fileEncoding = 4; lastKnownFileType = sourcecode.cpp.h; name = GList.hh; path = src/GList.hh; sourceTree = "<group>"; };
		ED003839116457BD00E19F3F /* codons.cpp */ = {isa = PBXFileReference; fileEncoding = 4; lastKnownFileType = sourcecode.cpp.cpp; name = codons.cpp; path = src/codons.cpp; sourceTree = "<group>"; };
		ED00383A116457BD00E19F3F /* codons.h */ = {isa = PBXFileReference; fileEncoding = 4; lastKnownFileType = sourcecode.c.h; name = codons.h; path = src/codons.h; sourceTree = "<group>"; };
		ED00383E116457DA00E19F3F /* common.h */ = {isa = PBXFileReference; fileEncoding = 4; lastKnownFileType = sourcecode.c.h; name = common.h; path = src/common.h; sourceTree = "<group>"; };
		ED00383F116457DA00E19F3F /* common.cpp */ = {isa = PBXFileReference; fileEncoding = 4; lastKnownFileType = sourcecode.cpp.cpp; name = common.cpp; path = src/common.cpp; sourceTree = "<group>"; };
		ED0038591164627900E19F3F /* hits.cpp */ = {isa = PBXFileReference; fileEncoding = 4; lastKnownFileType = sourcecode.cpp.cpp; name = hits.cpp; path = src/hits.cpp; sourceTree = "<group>"; };
		ED00385A1164627900E19F3F /* hits.h */ = {isa = PBXFileReference; fileEncoding = 4; lastKnownFileType = sourcecode.c.h; name = hits.h; path = src/hits.h; sourceTree = "<group>"; };
		ED0038611164630200E19F3F /* scaffolds.cpp */ = {isa = PBXFileReference; fileEncoding = 4; lastKnownFileType = sourcecode.cpp.cpp; name = scaffolds.cpp; path = src/scaffolds.cpp; sourceTree = "<group>"; };
		ED0038621164630200E19F3F /* scaffolds.h */ = {isa = PBXFileReference; fileEncoding = 4; lastKnownFileType = sourcecode.c.h; name = scaffolds.h; path = src/scaffolds.h; sourceTree = "<group>"; };
		ED0E0B901190B3C6003D6DE9 /* samcompare */ = {isa = PBXFileReference; explicitFileType = "compiled.mach-o.executable"; includeInIndex = 0; path = samcompare; sourceTree = BUILT_PRODUCTS_DIR; };
		ED3445181183C3E700D68A78 /* libboost_program_options-xgcc40-mt-1_41.a */ = {isa = PBXFileReference; lastKnownFileType = archive.ar; name = "libboost_program_options-xgcc40-mt-1_41.a"; path = "/usr/local/lib/libboost_program_options-xgcc40-mt-1_41.a"; sourceTree = "<absolute>"; };
		ED3445FB11848EAF00D68A78 /* configure.ac */ = {isa = PBXFileReference; fileEncoding = 4; lastKnownFileType = text; path = configure.ac; sourceTree = "<group>"; };
		ED3445FC11848EBA00D68A78 /* INSTALL */ = {isa = PBXFileReference; fileEncoding = 4; lastKnownFileType = text; path = INSTALL; sourceTree = "<group>"; };
		ED3445FD11848EBA00D68A78 /* LICENSE */ = {isa = PBXFileReference; fileEncoding = 4; lastKnownFileType = text; path = LICENSE; sourceTree = "<group>"; };
		ED3445FE11848EBA00D68A78 /* README */ = {isa = PBXFileReference; fileEncoding = 4; lastKnownFileType = text; path = README; sourceTree = "<group>"; };
		ED3445FF11848EC400D68A78 /* aclocal.m4 */ = {isa = PBXFileReference; fileEncoding = 4; lastKnownFileType = text; path = aclocal.m4; sourceTree = "<group>"; };
		ED34460011848EC400D68A78 /* ax_boost_base.m4 */ = {isa = PBXFileReference; fileEncoding = 4; lastKnownFileType = text; path = ax_boost_base.m4; sourceTree = "<group>"; };
		ED34460111848EC400D68A78 /* ax_boost_thread.m4 */ = {isa = PBXFileReference; fileEncoding = 4; lastKnownFileType = text; path = ax_boost_thread.m4; sourceTree = "<group>"; };
		ED34460211848ECF00D68A78 /* version.m4 */ = {isa = PBXFileReference; fileEncoding = 4; lastKnownFileType = text; path = version.m4; sourceTree = "<group>"; };
		ED50796C1173A70500883983 /* abundances.h */ = {isa = PBXFileReference; fileEncoding = 4; lastKnownFileType = sourcecode.c.h; name = abundances.h; path = src/abundances.h; sourceTree = "<group>"; };
		ED50796D1173A70500883983 /* abundances.cpp */ = {isa = PBXFileReference; fileEncoding = 4; lastKnownFileType = sourcecode.cpp.cpp; name = abundances.cpp; path = src/abundances.cpp; sourceTree = "<group>"; };
		ED5079731173A7BA00883983 /* fragments.h */ = {isa = PBXFileReference; fileEncoding = 4; lastKnownFileType = sourcecode.c.h; name = fragments.h; path = src/fragments.h; sourceTree = "<group>"; };
		ED5079741173A7BA00883983 /* fragments.cpp */ = {isa = PBXFileReference; fileEncoding = 4; lastKnownFileType = sourcecode.cpp.cpp; name = fragments.cpp; path = src/fragments.cpp; sourceTree = "<group>"; };
		ED5079821173A8EF00883983 /* sequencing.h */ = {isa = PBXFileReference; fileEncoding = 4; lastKnownFileType = sourcecode.c.h; name = sequencing.h; path = src/sequencing.h; sourceTree = "<group>"; };
		ED5079831173A8EF00883983 /* sequencing.cpp */ = {isa = PBXFileReference; fileEncoding = 4; lastKnownFileType = sourcecode.cpp.cpp; name = sequencing.cpp; path = src/sequencing.cpp; sourceTree = "<group>"; };
		ED6D662C118C8D1B00A682F4 /* Tests */ = {isa = PBXFileReference; explicitFileType = "compiled.mach-o.executable"; includeInIndex = 0; path = Tests; sourceTree = BUILT_PRODUCTS_DIR; };
		ED6D6631118C8D7400A682F4 /* libcppunit.a */ = {isa = PBXFileReference; lastKnownFileType = archive.ar; name = libcppunit.a; path = /usr/local/lib/libcppunit.a; sourceTree = "<absolute>"; };
		ED6D6634118C8DD000A682F4 /* TestMain.cpp */ = {isa = PBXFileReference; fileEncoding = 4; lastKnownFileType = sourcecode.cpp.cpp; name = TestMain.cpp; path = tests/unit_tests/TestMain.cpp; sourceTree = "<group>"; };
		ED6D6636118C8DF700A682F4 /* TestHits.h */ = {isa = PBXFileReference; fileEncoding = 4; lastKnownFileType = sourcecode.c.h; name = TestHits.h; path = tests/unit_tests/TestHits.h; sourceTree = "<group>"; };
		ED6D6637118C8DF700A682F4 /* TestHits.cpp */ = {isa = PBXFileReference; fileEncoding = 4; lastKnownFileType = sourcecode.cpp.cpp; name = TestHits.cpp; path = tests/unit_tests/TestHits.cpp; sourceTree = "<group>"; };
		ED6D6A58118F250500A682F4 /* samcompare.cpp */ = {isa = PBXFileReference; fileEncoding = 4; lastKnownFileType = sourcecode.cpp.cpp; name = samcompare.cpp; path = src/samcompare.cpp; sourceTree = "<group>"; };
		EDADF8F311848F6B0018CFB9 /* Makefile.am */ = {isa = PBXFileReference; fileEncoding = 4; lastKnownFileType = text; name = Makefile.am; path = src/Makefile.am; sourceTree = "<group>"; };
		EDADF8F611848FC40018CFB9 /* ax_boost_program_options.m4 */ = {isa = PBXFileReference; fileEncoding = 4; lastKnownFileType = text; path = ax_boost_program_options.m4; sourceTree = "<group>"; };
		EDADF8F9118492430018CFB9 /* tuxsim.mk */ = {isa = PBXFileReference; fileEncoding = 4; lastKnownFileType = text; name = tuxsim.mk; path = config/tuxsim.mk; sourceTree = "<group>"; };
		EDADF8FA118493100018CFB9 /* tuxsim.cpp */ = {isa = PBXFileReference; fileEncoding = 4; lastKnownFileType = sourcecode.cpp.cpp; name = tuxsim.cpp; path = src/tuxsim.cpp; sourceTree = "<group>"; };
		EDCCF4DD117624E4000D83D5 /* options.h */ = {isa = PBXFileReference; fileEncoding = 4; lastKnownFileType = sourcecode.c.h; name = options.h; path = src/options.h; sourceTree = "<group>"; };
		EDCCF4DE117624E5000D83D5 /* options.cpp */ = {isa = PBXFileReference; fileEncoding = 4; lastKnownFileType = sourcecode.cpp.cpp; name = options.cpp; path = src/options.cpp; sourceTree = "<group>"; };
		EDE1082C11E384E3005F1F4B /* ax_check_zlib.m4 */ = {isa = PBXFileReference; fileEncoding = 4; lastKnownFileType = text; path = ax_check_zlib.m4; sourceTree = "<group>"; };
		EDE1082D11E384E3005F1F4B /* ax_bam.m4 */ = {isa = PBXFileReference; fileEncoding = 4; lastKnownFileType = text; path = ax_bam.m4; sourceTree = "<group>"; };
/* End PBXFileReference section */

/* Begin PBXFrameworksBuildPhase section */
		8DD76F660486A84900D96B5E /* Frameworks */ = {
			isa = PBXFrameworksBuildPhase;
			buildActionMask = 2147483647;
			files = (
				ED3445191183C3E700D68A78 /* libboost_program_options-xgcc40-mt-1_41.a in Frameworks */,
			);
			runOnlyForDeploymentPostprocessing = 0;
		};
		ED6D62BE118B7BD900A682F4 /* Frameworks */ = {
			isa = PBXFrameworksBuildPhase;
			buildActionMask = 2147483647;
			files = (
				ED6D62BF118B7BD900A682F4 /* libboost_program_options-xgcc40-mt-1_41.a in Frameworks */,
			);
			runOnlyForDeploymentPostprocessing = 0;
		};
		ED6D662A118C8D1B00A682F4 /* Frameworks */ = {
			isa = PBXFrameworksBuildPhase;
			buildActionMask = 2147483647;
			files = (
				ED6D6632118C8D7400A682F4 /* libcppunit.a in Frameworks */,
			);
			runOnlyForDeploymentPostprocessing = 0;
		};
/* End PBXFrameworksBuildPhase section */

/* Begin PBXGroup section */
		08FB7794FE84155DC02AAC07 /* tuxsim */ = {
			isa = PBXGroup;
			children = (
				ED6D6631118C8D7400A682F4 /* libcppunit.a */,
				ED3445181183C3E700D68A78 /* libboost_program_options-xgcc40-mt-1_41.a */,
				08FB7795FE84155DC02AAC07 /* Source */,
				C6859E8C029090F304C91782 /* Documentation */,
				1AB674ADFE9D54B511CA2CBB /* Products */,
			);
			name = tuxsim;
			sourceTree = "<group>";
		};
		08FB7795FE84155DC02AAC07 /* Source */ = {
			isa = PBXGroup;
			children = (
				ED6D6633118C8D7D00A682F4 /* Test Code */,
				ED3445F111848D1500D68A78 /* Autotools */,
				ED50796C1173A70500883983 /* abundances.h */,
				ED50796D1173A70500883983 /* abundances.cpp */,
				ED003839116457BD00E19F3F /* codons.cpp */,
				ED00383A116457BD00E19F3F /* codons.h */,
				ED00383E116457DA00E19F3F /* common.h */,
				ED00383F116457DA00E19F3F /* common.cpp */,
				ED5079731173A7BA00883983 /* fragments.h */,
				ED5079741173A7BA00883983 /* fragments.cpp */,
				ED0035AD1164509500E19F3F /* GArgs.cpp */,
				ED0035AE1164509500E19F3F /* GArgs.h */,
				ED0035AF1164509500E19F3F /* GBase.cpp */,
				ED0035B01164509500E19F3F /* GBase.h */,
				ED0035B11164509500E19F3F /* gdna.cpp */,
				ED0035B21164509500E19F3F /* gdna.h */,
				ED0035B31164509500E19F3F /* GFaSeqGet.cpp */,
				ED0035B41164509500E19F3F /* GFaSeqGet.h */,
				ED0035B51164509500E19F3F /* GFastaFile.h */,
				ED0035B61164509500E19F3F /* gff.cpp */,
				ED0035B71164509500E19F3F /* gff.h */,
				ED0035B81164509500E19F3F /* GStr.cpp */,
				ED0035B91164509500E19F3F /* GStr.h */,
				ED0038351164579F00E19F3F /* GHash.hh */,
				ED0038361164579F00E19F3F /* GList.hh */,
				ED0035BA1164509500E19F3F /* gtf_tracking.cpp */,
				ED0035BB1164509500E19F3F /* gtf_tracking.h */,
				ED0038591164627900E19F3F /* hits.cpp */,
				ED00385A1164627900E19F3F /* hits.h */,
				EDCCF4DD117624E4000D83D5 /* options.h */,
				EDCCF4DE117624E5000D83D5 /* options.cpp */,
				ED0038611164630200E19F3F /* scaffolds.cpp */,
				ED0038621164630200E19F3F /* scaffolds.h */,
				ED5079821173A8EF00883983 /* sequencing.h */,
				ED5079831173A8EF00883983 /* sequencing.cpp */,
				EDADF8FA118493100018CFB9 /* tuxsim.cpp */,
				ED6D6A58118F250500A682F4 /* samcompare.cpp */,
			);
			name = Source;
			sourceTree = "<group>";
		};
		1AB674ADFE9D54B511CA2CBB /* Products */ = {
			isa = PBXGroup;
			children = (
				8DD76F6C0486A84900D96B5E /* tuxsim */,
				ED6D662C118C8D1B00A682F4 /* Tests */,
				ED0E0B901190B3C6003D6DE9 /* samcompare */,
			);
			name = Products;
			sourceTree = "<group>";
		};
		C6859E8C029090F304C91782 /* Documentation */ = {
			isa = PBXGroup;
			children = (
				C6859E8B029090EE04C91782 /* tuxsim.1 */,
			);
			name = Documentation;
			sourceTree = "<group>";
		};
		ED3445F111848D1500D68A78 /* Autotools */ = {
			isa = PBXGroup;
			children = (
				EDE1082C11E384E3005F1F4B /* ax_check_zlib.m4 */,
				EDE1082D11E384E3005F1F4B /* ax_bam.m4 */,
				EDADF8F9118492430018CFB9 /* tuxsim.mk */,
				EDADF8F311848F6B0018CFB9 /* Makefile.am */,
				ED3445FB11848EAF00D68A78 /* configure.ac */,
				ED34460211848ECF00D68A78 /* version.m4 */,
				ED3445FF11848EC400D68A78 /* aclocal.m4 */,
				ED34460011848EC400D68A78 /* ax_boost_base.m4 */,
				ED34460111848EC400D68A78 /* ax_boost_thread.m4 */,
				EDADF8F611848FC40018CFB9 /* ax_boost_program_options.m4 */,
				ED3445FC11848EBA00D68A78 /* INSTALL */,
				ED3445FD11848EBA00D68A78 /* LICENSE */,
				ED3445FE11848EBA00D68A78 /* README */,
			);
			name = Autotools;
			sourceTree = "<group>";
		};
		ED6D6633118C8D7D00A682F4 /* Test Code */ = {
			isa = PBXGroup;
			children = (
				ED6D6634118C8DD000A682F4 /* TestMain.cpp */,
				ED6D6636118C8DF700A682F4 /* TestHits.h */,
				ED6D6637118C8DF700A682F4 /* TestHits.cpp */,
			);
			name = "Test Code";
			sourceTree = "<group>";
		};
/* End PBXGroup section */

/* Begin PBXNativeTarget section */
		8DD76F620486A84900D96B5E /* tuxsim */ = {
			isa = PBXNativeTarget;
			buildConfigurationList = 1DEB923108733DC60010E9CD /* Build configuration list for PBXNativeTarget "tuxsim" */;
			buildPhases = (
				8DD76F640486A84900D96B5E /* Sources */,
				8DD76F660486A84900D96B5E /* Frameworks */,
				8DD76F690486A84900D96B5E /* CopyFiles */,
			);
			buildRules = (
			);
			dependencies = (
			);
			name = tuxsim;
			productInstallPath = "$(HOME)/bin";
			productName = tuxsim;
			productReference = 8DD76F6C0486A84900D96B5E /* tuxsim */;
			productType = "com.apple.product-type.tool";
		};
		ED6D62AC118B7BD900A682F4 /* samcompare */ = {
			isa = PBXNativeTarget;
			buildConfigurationList = ED6D62C2118B7BD900A682F4 /* Build configuration list for PBXNativeTarget "samcompare" */;
			buildPhases = (
				ED6D62AD118B7BD900A682F4 /* Sources */,
				ED6D62BE118B7BD900A682F4 /* Frameworks */,
				ED6D62C0118B7BD900A682F4 /* CopyFiles */,
			);
			buildRules = (
			);
			dependencies = (
			);
			name = samcompare;
			productInstallPath = "$(HOME)/bin";
			productName = tuxsim;
			productReference = ED0E0B901190B3C6003D6DE9 /* samcompare */;
			productType = "com.apple.product-type.tool";
		};
		ED6D662B118C8D1B00A682F4 /* Tests */ = {
			isa = PBXNativeTarget;
			buildConfigurationList = ED6D6630118C8D3900A682F4 /* Build configuration list for PBXNativeTarget "Tests" */;
			buildPhases = (
				ED6D6629118C8D1B00A682F4 /* Sources */,
				ED6D662A118C8D1B00A682F4 /* Frameworks */,
				ED6D66E5118CA6DE00A682F4 /* ShellScript */,
			);
			buildRules = (
			);
			dependencies = (
			);
			name = Tests;
			productName = Tests;
			productReference = ED6D662C118C8D1B00A682F4 /* Tests */;
			productType = "com.apple.product-type.tool";
		};
/* End PBXNativeTarget section */

/* Begin PBXProject section */
		08FB7793FE84155DC02AAC07 /* Project object */ = {
			isa = PBXProject;
			buildConfigurationList = 1DEB923508733DC60010E9CD /* Build configuration list for PBXProject "tuxsim" */;
			compatibilityVersion = "Xcode 3.1";
			hasScannedForEncodings = 1;
			mainGroup = 08FB7794FE84155DC02AAC07 /* tuxsim */;
			projectDirPath = "";
			projectRoot = "";
			targets = (
				8DD76F620486A84900D96B5E /* tuxsim */,
				ED6D62AC118B7BD900A682F4 /* samcompare */,
				ED6D662B118C8D1B00A682F4 /* Tests */,
			);
		};
/* End PBXProject section */

/* Begin PBXShellScriptBuildPhase section */
		ED6D66E5118CA6DE00A682F4 /* ShellScript */ = {
			isa = PBXShellScriptBuildPhase;
			buildActionMask = 2147483647;
			files = (
			);
			inputPaths = (
			);
			outputPaths = (
			);
			runOnlyForDeploymentPostprocessing = 0;
			shellPath = /bin/sh;
			shellScript = "\"${TARGET_BUILD_DIR}/${EXECUTABLE_NAME}\"";
		};
/* End PBXShellScriptBuildPhase section */

/* Begin PBXSourcesBuildPhase section */
		8DD76F640486A84900D96B5E /* Sources */ = {
			isa = PBXSourcesBuildPhase;
			buildActionMask = 2147483647;
			files = (
				ED0035BC1164509500E19F3F /* GArgs.cpp in Sources */,
				ED0035BD1164509500E19F3F /* GBase.cpp in Sources */,
				ED0035BE1164509500E19F3F /* gdna.cpp in Sources */,
				ED0035BF1164509500E19F3F /* GFaSeqGet.cpp in Sources */,
				ED0035C01164509500E19F3F /* gff.cpp in Sources */,
				ED0035C11164509500E19F3F /* GStr.cpp in Sources */,
				ED0035C21164509500E19F3F /* gtf_tracking.cpp in Sources */,
				ED00383B116457BD00E19F3F /* codons.cpp in Sources */,
				ED003840116457DA00E19F3F /* common.cpp in Sources */,
				ED00385B1164627900E19F3F /* hits.cpp in Sources */,
				ED0038631164630200E19F3F /* scaffolds.cpp in Sources */,
				ED50796E1173A70500883983 /* abundances.cpp in Sources */,
				ED5079751173A7BA00883983 /* fragments.cpp in Sources */,
				ED5079841173A8EF00883983 /* sequencing.cpp in Sources */,
				EDCCF4DF117624E5000D83D5 /* options.cpp in Sources */,
				EDADF8FB118493100018CFB9 /* tuxsim.cpp in Sources */,
			);
			runOnlyForDeploymentPostprocessing = 0;
		};
		ED6D62AD118B7BD900A682F4 /* Sources */ = {
			isa = PBXSourcesBuildPhase;
			buildActionMask = 2147483647;
			files = (
				ED6D62AE118B7BD900A682F4 /* GArgs.cpp in Sources */,
				ED6D62AF118B7BD900A682F4 /* GBase.cpp in Sources */,
				ED6D62B0118B7BD900A682F4 /* gdna.cpp in Sources */,
				ED6D62B1118B7BD900A682F4 /* GFaSeqGet.cpp in Sources */,
				ED6D62B2118B7BD900A682F4 /* gff.cpp in Sources */,
				ED6D62B3118B7BD900A682F4 /* GStr.cpp in Sources */,
				ED6D62B4118B7BD900A682F4 /* gtf_tracking.cpp in Sources */,
				ED6D62B5118B7BD900A682F4 /* codons.cpp in Sources */,
				ED6D62B6118B7BD900A682F4 /* common.cpp in Sources */,
				ED6D62B7118B7BD900A682F4 /* hits.cpp in Sources */,
				ED6D62B8118B7BD900A682F4 /* scaffolds.cpp in Sources */,
				ED6D62B9118B7BD900A682F4 /* abundances.cpp in Sources */,
				ED6D62BA118B7BD900A682F4 /* fragments.cpp in Sources */,
				ED6D62BB118B7BD900A682F4 /* sequencing.cpp in Sources */,
				ED6D6A59118F250500A682F4 /* samcompare.cpp in Sources */,
			);
			runOnlyForDeploymentPostprocessing = 0;
		};
		ED6D6629118C8D1B00A682F4 /* Sources */ = {
			isa = PBXSourcesBuildPhase;
			buildActionMask = 2147483647;
			files = (
				ED6D667A118CA39000A682F4 /* hits.cpp in Sources */,
				ED6D6635118C8DD000A682F4 /* TestMain.cpp in Sources */,
				ED6D6638118C8DF700A682F4 /* TestHits.cpp in Sources */,
			);
			runOnlyForDeploymentPostprocessing = 0;
		};
/* End PBXSourcesBuildPhase section */

/* Begin XCBuildConfiguration section */
		1DEB923208733DC60010E9CD /* Debug */ = {
			isa = XCBuildConfiguration;
			buildSettings = {
				ALWAYS_SEARCH_USER_PATHS = NO;
				COPY_PHASE_STRIP = NO;
				GCC_DYNAMIC_NO_PIC = NO;
				GCC_ENABLE_FIX_AND_CONTINUE = YES;
				GCC_INLINES_ARE_PRIVATE_EXTERN = NO;
				GCC_MODEL_TUNING = G5;
				GCC_OPTIMIZATION_LEVEL = 0;
				GCC_PREPROCESSOR_DEFINITIONS = "";
				GCC_SYMBOLS_PRIVATE_EXTERN = NO;
				HEADER_SEARCH_PATHS = (
					./src,
					"/usr/local/include/boost-1_41",
				);
				INSTALL_PATH = /usr/local/bin;
				LIBRARY_SEARCH_PATHS = (
					"$(inherited)",
					/usr/local/libIntel64,
				);
				PRODUCT_NAME = tuxsim;
				VALID_ARCHS = "i386 x86_64";
			};
			name = Debug;
		};
		1DEB923308733DC60010E9CD /* Release */ = {
			isa = XCBuildConfiguration;
			buildSettings = {
				ALWAYS_SEARCH_USER_PATHS = NO;
				DEBUG_INFORMATION_FORMAT = "dwarf-with-dsym";
				GCC_MODEL_TUNING = G5;
				GCC_SYMBOLS_PRIVATE_EXTERN = NO;
				HEADER_SEARCH_PATHS = (
					./src,
					"/usr/local/include/boost-1_41",
				);
				INSTALL_PATH = /usr/local/bin;
				LIBRARY_SEARCH_PATHS = (
					"$(inherited)",
					/usr/local/libIntel64,
				);
				PRODUCT_NAME = tuxsim;
				VALID_ARCHS = "i386 x86_64";
			};
			name = Release;
		};
		1DEB923608733DC60010E9CD /* Debug */ = {
			isa = XCBuildConfiguration;
			buildSettings = {
				ARCHS = "$(ARCHS_STANDARD_32_64_BIT)";
				GCC_C_LANGUAGE_STANDARD = gnu99;
				GCC_OPTIMIZATION_LEVEL = 0;
				GCC_WARN_ABOUT_RETURN_TYPE = YES;
				GCC_WARN_UNUSED_VARIABLE = YES;
				ONLY_ACTIVE_ARCH = YES;
				PREBINDING = NO;
				SDKROOT = macosx10.6;
			};
			name = Debug;
		};
		1DEB923708733DC60010E9CD /* Release */ = {
			isa = XCBuildConfiguration;
			buildSettings = {
				ARCHS = "$(ARCHS_STANDARD_32_64_BIT)";
				GCC_C_LANGUAGE_STANDARD = gnu99;
				GCC_WARN_ABOUT_RETURN_TYPE = YES;
				GCC_WARN_UNUSED_VARIABLE = YES;
				PREBINDING = NO;
				SDKROOT = macosx10.6;
			};
			name = Release;
		};
		ED6D62C3118B7BD900A682F4 /* Debug */ = {
			isa = XCBuildConfiguration;
			buildSettings = {
				ALWAYS_SEARCH_USER_PATHS = NO;
				COPY_PHASE_STRIP = NO;
				GCC_DYNAMIC_NO_PIC = NO;
				GCC_ENABLE_FIX_AND_CONTINUE = YES;
				GCC_INLINES_ARE_PRIVATE_EXTERN = NO;
				GCC_MODEL_TUNING = G5;
				GCC_OPTIMIZATION_LEVEL = 0;
				GCC_PREPROCESSOR_DEFINITIONS = "";
				GCC_SYMBOLS_PRIVATE_EXTERN = NO;
				HEADER_SEARCH_PATHS = (
					/usr/local/include,
					./src,
					"/usr/local/include/boost-1_41",
				);
				INSTALL_PATH = /usr/local/bin;
				LIBRARY_SEARCH_PATHS = (
					"$(inherited)",
					/usr/local/lib,
				);
				PRODUCT_NAME = samcompare;
				VALID_ARCHS = "i386 x86_64";
			};
			name = Debug;
		};
		ED6D62C4118B7BD900A682F4 /* Release */ = {
			isa = XCBuildConfiguration;
			buildSettings = {
				ALWAYS_SEARCH_USER_PATHS = NO;
				DEBUG_INFORMATION_FORMAT = "dwarf-with-dsym";
				GCC_MODEL_TUNING = G5;
				GCC_SYMBOLS_PRIVATE_EXTERN = NO;
				HEADER_SEARCH_PATHS = (
					./src,
					"/usr/local/include/boost-1_41",
				);
				INSTALL_PATH = /usr/local/bin;
				LIBRARY_SEARCH_PATHS = (
					"$(inherited)",
					/usr/local/libIntel64,
				);
				PRODUCT_NAME = tuxsim;
				VALID_ARCHS = "i386 x86_64";
			};
			name = Release;
		};
		ED6D662E118C8D1B00A682F4 /* Debug */ = {
			isa = XCBuildConfiguration;
			buildSettings = {
				ALWAYS_SEARCH_USER_PATHS = NO;
				COPY_PHASE_STRIP = NO;
				GCC_DYNAMIC_NO_PIC = NO;
				GCC_ENABLE_FIX_AND_CONTINUE = YES;
				GCC_MODEL_TUNING = G5;
				GCC_OPTIMIZATION_LEVEL = 0;
				HEADER_SEARCH_PATHS = (
					"/usr/local/include/boost-1_41",
					./src,
					/usr/local/include,
				);
				INSTALL_PATH = /usr/local/bin;
				PREBINDING = NO;
				PRODUCT_NAME = Tests;
			};
			name = Debug;
		};
		ED6D662F118C8D1B00A682F4 /* Release */ = {
			isa = XCBuildConfiguration;
			buildSettings = {
				ALWAYS_SEARCH_USER_PATHS = NO;
				COPY_PHASE_STRIP = YES;
				DEBUG_INFORMATION_FORMAT = "dwarf-with-dsym";
				GCC_ENABLE_FIX_AND_CONTINUE = NO;
				GCC_MODEL_TUNING = G5;
				INSTALL_PATH = /usr/local/bin;
				PREBINDING = NO;
				PRODUCT_NAME = Tests;
				ZERO_LINK = NO;
			};
			name = Release;
		};
/* End XCBuildConfiguration section */

/* Begin XCConfigurationList section */
		1DEB923108733DC60010E9CD /* Build configuration list for PBXNativeTarget "tuxsim" */ = {
			isa = XCConfigurationList;
			buildConfigurations = (
				1DEB923208733DC60010E9CD /* Debug */,
				1DEB923308733DC60010E9CD /* Release */,
			);
			defaultConfigurationIsVisible = 0;
			defaultConfigurationName = Release;
		};
		1DEB923508733DC60010E9CD /* Build configuration list for PBXProject "tuxsim" */ = {
			isa = XCConfigurationList;
			buildConfigurations = (
				1DEB923608733DC60010E9CD /* Debug */,
				1DEB923708733DC60010E9CD /* Release */,
			);
			defaultConfigurationIsVisible = 0;
			defaultConfigurationName = Release;
		};
		ED6D62C2118B7BD900A682F4 /* Build configuration list for PBXNativeTarget "samcompare" */ = {
			isa = XCConfigurationList;
			buildConfigurations = (
				ED6D62C3118B7BD900A682F4 /* Debug */,
				ED6D62C4118B7BD900A682F4 /* Release */,
			);
			defaultConfigurationIsVisible = 0;
			defaultConfigurationName = Release;
		};
		ED6D6630118C8D3900A682F4 /* Build configuration list for PBXNativeTarget "Tests" */ = {
			isa = XCConfigurationList;
			buildConfigurations = (
				ED6D662E118C8D1B00A682F4 /* Debug */,
				ED6D662F118C8D1B00A682F4 /* Release */,
			);
			defaultConfigurationIsVisible = 0;
			defaultConfigurationName = Release;
		};
/* End XCConfigurationList section */
	};
	rootObject = 08FB7793FE84155DC02AAC07 /* Project object */;
}
